
Microsoft Visual Studio Solution File, Format Version 12.00
# Visual Studio Version 16
VisualStudioVersion = 16.0.30804.86
MinimumVisualStudioVersion = 10.0.40219.1
Project("{FAE04EC0-301F-11D3-BF4B-00C04F79EFBC}") = "SchoolService", "SchoolService.csproj", "{8A6D2444-8130-455E-85B7-CA5964E27F19}"
EndProject
Project("{FAE04EC0-301F-11D3-BF4B-00C04F79EFBC}") = "SchoolServiceHost", "..\SchoolServiceHost\SchoolServiceHost.csproj", "{E387832B-5C28-4587-B213-7D3A0B74869B}"
EndProject
Global
	GlobalSection(SolutionConfigurationPlatforms) = preSolution
		Debug|Any CPU = Debug|Any CPU
		Release|Any CPU = Release|Any CPU
	EndGlobalSection
	GlobalSection(ProjectConfigurationPlatforms) = postSolution
		{8A6D2444-8130-455E-85B7-CA5964E27F19}.Debug|Any CPU.ActiveCfg = Debug|Any CPU
		{8A6D2444-8130-455E-85B7-CA5964E27F19}.Debug|Any CPU.Build.0 = Debug|Any CPU
		{8A6D2444-8130-455E-85B7-CA5964E27F19}.Release|Any CPU.ActiveCfg = Release|Any CPU
		{8A6D2444-8130-455E-85B7-CA5964E27F19}.Release|Any CPU.Build.0 = Release|Any CPU
		{E387832B-5C28-4587-B213-7D3A0B74869B}.Debug|Any CPU.ActiveCfg = Debug|Any CPU
		{E387832B-5C28-4587-B213-7D3A0B74869B}.Debug|Any CPU.Build.0 = Debug|Any CPU
		{E387832B-5C28-4587-B213-7D3A0B74869B}.Release|Any CPU.ActiveCfg = Release|Any CPU
		{E387832B-5C28-4587-B213-7D3A0B74869B}.Release|Any CPU.Build.0 = Release|Any CPU
	EndGlobalSection
	GlobalSection(SolutionProperties) = preSolution
		HideSolutionNode = FALSE
	EndGlobalSection
	GlobalSection(ExtensibilityGlobals) = postSolution
		SolutionGuid = {A6FDCD03-D3BB-4C96-8B5C-74DF68710A38}
	EndGlobalSection
EndGlobal
